c:
    "15": sha256:ae725b68b71f4b9286b86e86f2107be3682d5ff27dcc32e16e763a9772b07b1f
go:
    "1.26": sha256:0178a641fbb4858c5f1b48e34bdaabe0350a330a1b1149aabd498d0699ff5fb2
java:
    "21": sha256:d0470d66d5f4dd4526763a178d6311d188c6aab71ff9f817751f3f767829869c
nodejs:
    "24": sha256:a0b9bf06e4e6193cf7a0f58816cc935ff8c2a908f81e6f1a95432d679c54fbfd
    "26": sha256:e88a35be04478413b7c71c455cd9865de9b9360e1f43456be5951032d7ac1a66
python:
    "3.12": sha256:57cd7c3a7a273101a6485ba99423ee568157882804b1124b4dd04266317710de
    "3.13": sha256:6771159cd4fa5d9bba1258caf0b82e6b73458c694d178ad97c5e925c2d0e1a91
    "3.14": sha256:cea0e6040540fb2b965b6e7fb5ffa00871e632eef63719f0ea54bca189ce14a6
