c:
    "15": sha256:3ae15afe768b06d0c0fe088d822ba5f8045c26630bdacc8d8e7713cf5d8e7289
java:
    "21": sha256:00b91d67cb956841db02dfdc2bf8be7c195c6e151987ff33df2b30a7a30727d2
nodejs:
    "24": sha256:fb71d01345f11b708a3553c66e7c74074f2d506400ea81973343d915cb64eef0
    "26": sha256:3ad34ca6292aec4a91d8ddeb9229e29d9c2f689efd0dd242860889ac71842eba
python:
    "3.12": sha256:a39549e211a16149edf74e5fdc9ef03a6767e46cd987c5048b6659b6c9904c94
    "3.13": sha256:f82c96458eedc847b233e582eb31336f4954b39cae020b6dcf5b3ed0e5cbcd74
    "3.14": sha256:d7a925f9eb9639a93e455b9f12c167569358818c0f62b51b88edbc8fcf34c421
