c:
    "15": sha256:3ae15afe768b06d0c0fe088d822ba5f8045c26630bdacc8d8e7713cf5d8e7289
java:
    "21": sha256:7089f727fa58578b8b5c63585a06458ba5dba5eac70bbf277b44845f187717fe
nodejs:
    "24": sha256:21f403ab171f2dc89bad4dd69d7721bfd15f084ccb46cdd225f31f2bc59b5c9a
    "26": sha256:9c0e1e52125d6b67d505cf75b4880fcf1290ccea5c480849910e1d57b2cf72b5
python:
    "3.12": sha256:d764629ce0ddd8c71fd371e9901efb324a95789d2315a47db7e4d27e78f1b0e9
    "3.13": sha256:c33f0bc4364a6881bed1ec0cc2665e6c53c87a43e774aaeab88e6f17af105e4f
    "3.14": sha256:44dd04494ee8f3b538294360e7c4b3acb87c8268e4d0a4828a6500b1eff50061
